
Microsoft Visual Studio Solution File, Format Version 12.00
# Visual Studio Version 17
VisualStudioVersion = 17.1.32407.343
MinimumVisualStudioVersion = 10.0.40219.1
Project("{FAE04EC0-301F-11D3-BF4B-00C04F79EFBC}") = "march2", "march2\march2.csproj", "{898E10A6-EC75-4083-9589-F6954E8FC739}"
EndProject
Global
	GlobalSection(SolutionConfigurationPlatforms) = preSolution
		Debug|Any CPU = Debug|Any CPU
		Release|Any CPU = Release|Any CPU
	EndGlobalSection
	GlobalSection(ProjectConfigurationPlatforms) = postSolution
		{898E10A6-EC75-4083-9589-F6954E8FC739}.Debug|Any CPU.ActiveCfg = Debug|Any CPU
		{898E10A6-EC75-4083-9589-F6954E8FC739}.Debug|Any CPU.Build.0 = Debug|Any CPU
		{898E10A6-EC75-4083-9589-F6954E8FC739}.Release|Any CPU.ActiveCfg = Release|Any CPU
		{898E10A6-EC75-4083-9589-F6954E8FC739}.Release|Any CPU.Build.0 = Release|Any CPU
	EndGlobalSection
	GlobalSection(SolutionProperties) = preSolution
		HideSolutionNode = FALSE
	EndGlobalSection
	GlobalSection(ExtensibilityGlobals) = postSolution
		SolutionGuid = {69DC9BE3-E2C8-4D15-8937-7B1D9DFC5F92}
	EndGlobalSection
EndGlobal
